
Microsoft Visual Studio Solution File, Format Version 12.00
# Visual Studio 14
VisualStudioVersion = 14.0.25123.0
MinimumVisualStudioVersion = 10.0.40219.1
Project("{8BB2217D-0F2D-49D1-97BC-3654ED321F3B}") = "Workspace", "Workspace\Workspace.xproj", "{4F388A97-2D28-4B3A-A60C-6B16E15DD8DE}"
EndProject
Project("{8BB2217D-0F2D-49D1-97BC-3654ED321F3B}") = "Actors", "Actors\Actors.xproj", "{0F388B19-648E-43C0-954F-C86968F49631}"
EndProject
Project("{8BB2217D-0F2D-49D1-97BC-3654ED321F3B}") = "Messages", "Messages\Messages.xproj", "{DDA8448C-56DE-4296-8D73-05E4587031CB}"
EndProject
Global
	GlobalSection(SolutionConfigurationPlatforms) = preSolution
		Debug|Any CPU = Debug|Any CPU
		Release|Any CPU = Release|Any CPU
	EndGlobalSection
	GlobalSection(ProjectConfigurationPlatforms) = postSolution
		{4F388A97-2D28-4B3A-A60C-6B16E15DD8DE}.Debug|Any CPU.ActiveCfg = Debug|Any CPU
		{4F388A97-2D28-4B3A-A60C-6B16E15DD8DE}.Debug|Any CPU.Build.0 = Debug|Any CPU
		{4F388A97-2D28-4B3A-A60C-6B16E15DD8DE}.Release|Any CPU.ActiveCfg = Release|Any CPU
		{4F388A97-2D28-4B3A-A60C-6B16E15DD8DE}.Release|Any CPU.Build.0 = Release|Any CPU
		{0F388B19-648E-43C0-954F-C86968F49631}.Debug|Any CPU.ActiveCfg = Debug|Any CPU
		{0F388B19-648E-43C0-954F-C86968F49631}.Debug|Any CPU.Build.0 = Debug|Any CPU
		{0F388B19-648E-43C0-954F-C86968F49631}.Release|Any CPU.ActiveCfg = Release|Any CPU
		{0F388B19-648E-43C0-954F-C86968F49631}.Release|Any CPU.Build.0 = Release|Any CPU
		{DDA8448C-56DE-4296-8D73-05E4587031CB}.Debug|Any CPU.ActiveCfg = Debug|Any CPU
		{DDA8448C-56DE-4296-8D73-05E4587031CB}.Debug|Any CPU.Build.0 = Debug|Any CPU
		{DDA8448C-56DE-4296-8D73-05E4587031CB}.Release|Any CPU.ActiveCfg = Release|Any CPU
		{DDA8448C-56DE-4296-8D73-05E4587031CB}.Release|Any CPU.Build.0 = Release|Any CPU
	EndGlobalSection
	GlobalSection(SolutionProperties) = preSolution
		HideSolutionNode = FALSE
	EndGlobalSection
EndGlobal
